{
  "name": "wasm-test",
  "version": "1.0.0",
  "lockfileVersion": 3,
  "requires": true,
  "packages": {
    "": {
      "name": "wasm-test",
      "version": "1.0.0",
      "license": "MIT",
      "dependencies": {
        "@charmland/lipgloss": "file:../"
      }
    },
    "..": {
      "name": "@charmland/lipgloss",
      "version": "v2.0.0-beta.3-9b68be5",
      "license": "MIT"
    },
    "../wasm": {
      "name": "@charmland/lipgloss",
      "version": "0.0.1",
      "extraneous": true,
      "license": "MIT"
    },
    "node_modules/@charmland/lipgloss": {
      "resolved": "..",
      "link": true
    }
  }
}
